
Microsoft Visual Studio Solution File, Format Version 12.00
# Visual Studio 15
VisualStudioVersion = 15.0.26124.0
MinimumVisualStudioVersion = 15.0.26124.0
Project("{2150E333-8FDC-42A3-9474-1A3956D46DE8}") = "src", "src", "{FAF7A78A-EE02-489C-8B01-4D663F854B21}"
EndProject
Project("{FAE04EC0-301F-11D3-BF4B-00C04F79EFBC}") = "CommandAPI", "src\CommandAPI\CommandAPI.csproj", "{5079E02B-90D2-4358-B669-7DA6CD5FD88A}"
EndProject
Project("{2150E333-8FDC-42A3-9474-1A3956D46DE8}") = "test", "test", "{EE8C3174-1D07-4BB1-8374-5F4F6D2B0561}"
EndProject
Project("{FAE04EC0-301F-11D3-BF4B-00C04F79EFBC}") = "CommandAPI.Test", "test\CommandAPI.Test\CommandAPI.Test.csproj", "{D605823B-ADF7-4FA3-A5BB-3E6643E8BC5A}"
EndProject
Global
	GlobalSection(SolutionConfigurationPlatforms) = preSolution
		Debug|Any CPU = Debug|Any CPU
		Debug|x64 = Debug|x64
		Debug|x86 = Debug|x86
		Release|Any CPU = Release|Any CPU
		Release|x64 = Release|x64
		Release|x86 = Release|x86
	EndGlobalSection
	GlobalSection(SolutionProperties) = preSolution
		HideSolutionNode = FALSE
	EndGlobalSection
	GlobalSection(ProjectConfigurationPlatforms) = postSolution
		{5079E02B-90D2-4358-B669-7DA6CD5FD88A}.Debug|Any CPU.ActiveCfg = Debug|Any CPU
		{5079E02B-90D2-4358-B669-7DA6CD5FD88A}.Debug|Any CPU.Build.0 = Debug|Any CPU
		{5079E02B-90D2-4358-B669-7DA6CD5FD88A}.Debug|x64.ActiveCfg = Debug|Any CPU
		{5079E02B-90D2-4358-B669-7DA6CD5FD88A}.Debug|x64.Build.0 = Debug|Any CPU
		{5079E02B-90D2-4358-B669-7DA6CD5FD88A}.Debug|x86.ActiveCfg = Debug|Any CPU
		{5079E02B-90D2-4358-B669-7DA6CD5FD88A}.Debug|x86.Build.0 = Debug|Any CPU
		{5079E02B-90D2-4358-B669-7DA6CD5FD88A}.Release|Any CPU.ActiveCfg = Release|Any CPU
		{5079E02B-90D2-4358-B669-7DA6CD5FD88A}.Release|Any CPU.Build.0 = Release|Any CPU
		{5079E02B-90D2-4358-B669-7DA6CD5FD88A}.Release|x64.ActiveCfg = Release|Any CPU
		{5079E02B-90D2-4358-B669-7DA6CD5FD88A}.Release|x64.Build.0 = Release|Any CPU
		{5079E02B-90D2-4358-B669-7DA6CD5FD88A}.Release|x86.ActiveCfg = Release|Any CPU
		{5079E02B-90D2-4358-B669-7DA6CD5FD88A}.Release|x86.Build.0 = Release|Any CPU
		{D605823B-ADF7-4FA3-A5BB-3E6643E8BC5A}.Debug|Any CPU.ActiveCfg = Debug|Any CPU
		{D605823B-ADF7-4FA3-A5BB-3E6643E8BC5A}.Debug|Any CPU.Build.0 = Debug|Any CPU
		{D605823B-ADF7-4FA3-A5BB-3E6643E8BC5A}.Debug|x64.ActiveCfg = Debug|Any CPU
		{D605823B-ADF7-4FA3-A5BB-3E6643E8BC5A}.Debug|x64.Build.0 = Debug|Any CPU
		{D605823B-ADF7-4FA3-A5BB-3E6643E8BC5A}.Debug|x86.ActiveCfg = Debug|Any CPU
		{D605823B-ADF7-4FA3-A5BB-3E6643E8BC5A}.Debug|x86.Build.0 = Debug|Any CPU
		{D605823B-ADF7-4FA3-A5BB-3E6643E8BC5A}.Release|Any CPU.ActiveCfg = Release|Any CPU
		{D605823B-ADF7-4FA3-A5BB-3E6643E8BC5A}.Release|Any CPU.Build.0 = Release|Any CPU
		{D605823B-ADF7-4FA3-A5BB-3E6643E8BC5A}.Release|x64.ActiveCfg = Release|Any CPU
		{D605823B-ADF7-4FA3-A5BB-3E6643E8BC5A}.Release|x64.Build.0 = Release|Any CPU
		{D605823B-ADF7-4FA3-A5BB-3E6643E8BC5A}.Release|x86.ActiveCfg = Release|Any CPU
		{D605823B-ADF7-4FA3-A5BB-3E6643E8BC5A}.Release|x86.Build.0 = Release|Any CPU
	EndGlobalSection
	GlobalSection(NestedProjects) = preSolution
		{5079E02B-90D2-4358-B669-7DA6CD5FD88A} = {FAF7A78A-EE02-489C-8B01-4D663F854B21}
		{D605823B-ADF7-4FA3-A5BB-3E6643E8BC5A} = {EE8C3174-1D07-4BB1-8374-5F4F6D2B0561}
	EndGlobalSection
EndGlobal
